// !$*UTF8*$!
{
	archiveVersion = 1;
	classes = {
	};
	objectVersion = 56;
	objects = {

/* Begin PBXBuildFile section */
		468619F32C91EAD400B7CDF8 /* BookmarkView.swift in Sources */ = {isa = PBXBuildFile; fileRef = 468619F22C91EAD400B7CDF8 /* BookmarkView.swift */; };
		4687DBF02C9093D600389EE1 /* BookMarkViewModel.swift in Sources */ = {isa = PBXBuildFile; fileRef = 4687DBEF2C9093D600389EE1 /* BookMarkViewModel.swift */; };
		4689FE432C8F240C00ED1B55 /* DailyRoundApp.swift in Sources */ = {isa = PBXBuildFile; fileRef = 4689FE422C8F240C00ED1B55 /* DailyRoundApp.swift */; };
		4689FE452C8F240C00ED1B55 /* MainView.swift in Sources */ = {isa = PBXBuildFile; fileRef = 4689FE442C8F240C00ED1B55 /* MainView.swift */; };
		4689FE472C8F240D00ED1B55 /* Assets.xcassets in Resources */ = {isa = PBXBuildFile; fileRef = 4689FE462C8F240D00ED1B55 /* Assets.xcassets */; };
		4689FE4A2C8F240D00ED1B55 /* Preview Assets.xcassets in Resources */ = {isa = PBXBuildFile; fileRef = 4689FE492C8F240D00ED1B55 /* Preview Assets.xcassets */; };
		4689FE552C8F24BA00ED1B55 /* LandingScreen.swift in Sources */ = {isa = PBXBuildFile; fileRef = 4689FE542C8F24BA00ED1B55 /* LandingScreen.swift */; };
		4689FE572C8F24FD00ED1B55 /* SignupView.swift in Sources */ = {isa = PBXBuildFile; fileRef = 4689FE562C8F24FD00ED1B55 /* SignupView.swift */; };
		4689FE592C8F253D00ED1B55 /* LoginView.swift in Sources */ = {isa = PBXBuildFile; fileRef = 4689FE582C8F253D00ED1B55 /* LoginView.swift */; };
		4689FE5B2C8F27D000ED1B55 /* SignupViewViewModel.swift in Sources */ = {isa = PBXBuildFile; fileRef = 4689FE5A2C8F27D000ED1B55 /* SignupViewViewModel.swift */; };
		4689FE5D2C8F295A00ED1B55 /* SignUpDataModel.swift in Sources */ = {isa = PBXBuildFile; fileRef = 4689FE5C2C8F295A00ED1B55 /* SignUpDataModel.swift */; };
		4689FE5F2C8F3B1E00ED1B55 /* loginViewViewModel.swift in Sources */ = {isa = PBXBuildFile; fileRef = 4689FE5E2C8F3B1E00ED1B55 /* loginViewViewModel.swift */; };
		4689FE612C8F3D7D00ED1B55 /* HomeView.swift in Sources */ = {isa = PBXBuildFile; fileRef = 4689FE602C8F3D7D00ED1B55 /* HomeView.swift */; };
		4689FE632C8F452F00ED1B55 /* BookSearchViewModel.swift in Sources */ = {isa = PBXBuildFile; fileRef = 4689FE622C8F452F00ED1B55 /* BookSearchViewModel.swift */; };
		4689FE652C8F454C00ED1B55 /* BookDataModel.swift in Sources */ = {isa = PBXBuildFile; fileRef = 4689FE642C8F454C00ED1B55 /* BookDataModel.swift */; };
/* End PBXBuildFile section */

/* Begin PBXFileReference section */
		468619F22C91EAD400B7CDF8 /* BookmarkView.swift */ = {isa = PBXFileReference; lastKnownFileType = sourcecode.swift; path = BookmarkView.swift; sourceTree = "<group>"; };
		4687DBEF2C9093D600389EE1 /* BookMarkViewModel.swift */ = {isa = PBXFileReference; lastKnownFileType = sourcecode.swift; path = BookMarkViewModel.swift; sourceTree = "<group>"; };
		4689FE3F2C8F240C00ED1B55 /* DailyRound.app */ = {isa = PBXFileReference; explicitFileType = wrapper.application; includeInIndex = 0; path = DailyRound.app; sourceTree = BUILT_PRODUCTS_DIR; };
		4689FE422C8F240C00ED1B55 /* DailyRoundApp.swift */ = {isa = PBXFileReference; lastKnownFileType = sourcecode.swift; path = DailyRoundApp.swift; sourceTree = "<group>"; };
		4689FE442C8F240C00ED1B55 /* MainView.swift */ = {isa = PBXFileReference; lastKnownFileType = sourcecode.swift; path = MainView.swift; sourceTree = "<group>"; };
		4689FE462C8F240D00ED1B55 /* Assets.xcassets */ = {isa = PBXFileReference; lastKnownFileType = folder.assetcatalog; path = Assets.xcassets; sourceTree = "<group>"; };
		4689FE492C8F240D00ED1B55 /* Preview Assets.xcassets */ = {isa = PBXFileReference; lastKnownFileType = folder.assetcatalog; path = "Preview Assets.xcassets"; sourceTree = "<group>"; };
		4689FE542C8F24BA00ED1B55 /* LandingScreen.swift */ = {isa = PBXFileReference; lastKnownFileType = sourcecode.swift; path = LandingScreen.swift; sourceTree = "<group>"; };
		4689FE562C8F24FD00ED1B55 /* SignupView.swift */ = {isa = PBXFileReference; lastKnownFileType = sourcecode.swift; path = SignupView.swift; sourceTree = "<group>"; };
		4689FE582C8F253D00ED1B55 /* LoginView.swift */ = {isa = PBXFileReference; lastKnownFileType = sourcecode.swift; path = LoginView.swift; sourceTree = "<group>"; };
		4689FE5A2C8F27D000ED1B55 /* SignupViewViewModel.swift */ = {isa = PBXFileReference; lastKnownFileType = sourcecode.swift; path = SignupViewViewModel.swift; sourceTree = "<group>"; };
		4689FE5C2C8F295A00ED1B55 /* SignUpDataModel.swift */ = {isa = PBXFileReference; lastKnownFileType = sourcecode.swift; path = SignUpDataModel.swift; sourceTree = "<group>"; };
		4689FE5E2C8F3B1E00ED1B55 /* loginViewViewModel.swift */ = {isa = PBXFileReference; lastKnownFileType = sourcecode.swift; path = loginViewViewModel.swift; sourceTree = "<group>"; };
		4689FE602C8F3D7D00ED1B55 /* HomeView.swift */ = {isa = PBXFileReference; lastKnownFileType = sourcecode.swift; path = HomeView.swift; sourceTree = "<group>"; };
		4689FE622C8F452F00ED1B55 /* BookSearchViewModel.swift */ = {isa = PBXFileReference; lastKnownFileType = sourcecode.swift; path = BookSearchViewModel.swift; sourceTree = "<group>"; };
		4689FE642C8F454C00ED1B55 /* BookDataModel.swift */ = {isa = PBXFileReference; lastKnownFileType = sourcecode.swift; path = BookDataModel.swift; sourceTree = "<group>"; };
/* End PBXFileReference section */

/* Begin PBXFrameworksBuildPhase section */
		4689FE3C2C8F240C00ED1B55 /* Frameworks */ = {
			isa = PBXFrameworksBuildPhase;
			buildActionMask = 2147483647;
			files = (
			);
			runOnlyForDeploymentPostprocessing = 0;
		};
/* End PBXFrameworksBuildPhase section */

/* Begin PBXGroup section */
		4689FE362C8F240C00ED1B55 = {
			isa = PBXGroup;
			children = (
				4689FE412C8F240C00ED1B55 /* DailyRound */,
				4689FE402C8F240C00ED1B55 /* Products */,
			);
			sourceTree = "<group>";
		};
		4689FE402C8F240C00ED1B55 /* Products */ = {
			isa = PBXGroup;
			children = (
				4689FE3F2C8F240C00ED1B55 /* DailyRound.app */,
			);
			name = Products;
			sourceTree = "<group>";
		};
		4689FE412C8F240C00ED1B55 /* DailyRound */ = {
			isa = PBXGroup;
			children = (
				4689FE512C8F245100ED1B55 /* ViewModel */,
				4689FE522C8F245800ED1B55 /* other */,
				4689FE502C8F244800ED1B55 /* View */,
				4689FE532C8F246100ED1B55 /* Model */,
				4689FE482C8F240D00ED1B55 /* Preview Content */,
			);
			path = DailyRound;
			sourceTree = "<group>";
		};
		4689FE482C8F240D00ED1B55 /* Preview Content */ = {
			isa = PBXGroup;
			children = (
				4689FE492C8F240D00ED1B55 /* Preview Assets.xcassets */,
			);
			path = "Preview Content";
			sourceTree = "<group>";
		};
		4689FE502C8F244800ED1B55 /* View */ = {
			isa = PBXGroup;
			children = (
				4689FE442C8F240C00ED1B55 /* MainView.swift */,
				4689FE542C8F24BA00ED1B55 /* LandingScreen.swift */,
				4689FE562C8F24FD00ED1B55 /* SignupView.swift */,
				4689FE582C8F253D00ED1B55 /* LoginView.swift */,
				4689FE602C8F3D7D00ED1B55 /* HomeView.swift */,
				468619F22C91EAD400B7CDF8 /* BookmarkView.swift */,
			);
			path = View;
			sourceTree = "<group>";
		};
		4689FE512C8F245100ED1B55 /* ViewModel */ = {
			isa = PBXGroup;
			children = (
				4689FE5A2C8F27D000ED1B55 /* SignupViewViewModel.swift */,
				4689FE5E2C8F3B1E00ED1B55 /* loginViewViewModel.swift */,
				4689FE622C8F452F00ED1B55 /* BookSearchViewModel.swift */,
				4687DBEF2C9093D600389EE1 /* BookMarkViewModel.swift */,
			);
			path = ViewModel;
			sourceTree = "<group>";
		};
		4689FE522C8F245800ED1B55 /* other */ = {
			isa = PBXGroup;
			children = (
				4689FE422C8F240C00ED1B55 /* DailyRoundApp.swift */,
				4689FE462C8F240D00ED1B55 /* Assets.xcassets */,
			);
			path = other;
			sourceTree = "<group>";
		};
		4689FE532C8F246100ED1B55 /* Model */ = {
			isa = PBXGroup;
			children = (
				4689FE5C2C8F295A00ED1B55 /* SignUpDataModel.swift */,
				4689FE642C8F454C00ED1B55 /* BookDataModel.swift */,
			);
			path = Model;
			sourceTree = "<group>";
		};
/* End PBXGroup section */

/* Begin PBXNativeTarget section */
		4689FE3E2C8F240C00ED1B55 /* DailyRound */ = {
			isa = PBXNativeTarget;
			buildConfigurationList = 4689FE4D2C8F240D00ED1B55 /* Build configuration list for PBXNativeTarget "DailyRound" */;
			buildPhases = (
				4689FE3B2C8F240C00ED1B55 /* Sources */,
				4689FE3C2C8F240C00ED1B55 /* Frameworks */,
				4689FE3D2C8F240C00ED1B55 /* Resources */,
			);
			buildRules = (
			);
			dependencies = (
			);
			name = DailyRound;
			productName = DailyRound;
			productReference = 4689FE3F2C8F240C00ED1B55 /* DailyRound.app */;
			productType = "com.apple.product-type.application";
		};
/* End PBXNativeTarget section */

/* Begin PBXProject section */
		4689FE372C8F240C00ED1B55 /* Project object */ = {
			isa = PBXProject;
			attributes = {
				BuildIndependentTargetsInParallel = 1;
				LastSwiftUpdateCheck = 1540;
				LastUpgradeCheck = 1540;
				TargetAttributes = {
					4689FE3E2C8F240C00ED1B55 = {
						CreatedOnToolsVersion = 15.4;
					};
				};
			};
			buildConfigurationList = 4689FE3A2C8F240C00ED1B55 /* Build configuration list for PBXProject "DailyRound" */;
			compatibilityVersion = "Xcode 14.0";
			developmentRegion = en;
			hasScannedForEncodings = 0;
			knownRegions = (
				en,
				Base,
			);
			mainGroup = 4689FE362C8F240C00ED1B55;
			productRefGroup = 4689FE402C8F240C00ED1B55 /* Products */;
			projectDirPath = "";
			projectRoot = "";
			targets = (
				4689FE3E2C8F240C00ED1B55 /* DailyRound */,
			);
		};
/* End PBXProject section */

/* Begin PBXResourcesBuildPhase section */
		4689FE3D2C8F240C00ED1B55 /* Resources */ = {
			isa = PBXResourcesBuildPhase;
			buildActionMask = 2147483647;
			files = (
				4689FE4A2C8F240D00ED1B55 /* Preview Assets.xcassets in Resources */,
				4689FE472C8F240D00ED1B55 /* Assets.xcassets in Resources */,
			);
			runOnlyForDeploymentPostprocessing = 0;
		};
/* End PBXResourcesBuildPhase section */

/* Begin PBXSourcesBuildPhase section */
		4689FE3B2C8F240C00ED1B55 /* Sources */ = {
			isa = PBXSourcesBuildPhase;
			buildActionMask = 2147483647;
			files = (
				4687DBF02C9093D600389EE1 /* BookMarkViewModel.swift in Sources */,
				4689FE612C8F3D7D00ED1B55 /* HomeView.swift in Sources */,
				4689FE572C8F24FD00ED1B55 /* SignupView.swift in Sources */,
				4689FE652C8F454C00ED1B55 /* BookDataModel.swift in Sources */,
				4689FE452C8F240C00ED1B55 /* MainView.swift in Sources */,
				468619F32C91EAD400B7CDF8 /* BookmarkView.swift in Sources */,
				4689FE552C8F24BA00ED1B55 /* LandingScreen.swift in Sources */,
				4689FE5F2C8F3B1E00ED1B55 /* loginViewViewModel.swift in Sources */,
				4689FE5B2C8F27D000ED1B55 /* SignupViewViewModel.swift in Sources */,
				4689FE5D2C8F295A00ED1B55 /* SignUpDataModel.swift in Sources */,
				4689FE632C8F452F00ED1B55 /* BookSearchViewModel.swift in Sources */,
				4689FE592C8F253D00ED1B55 /* LoginView.swift in Sources */,
				4689FE432C8F240C00ED1B55 /* DailyRoundApp.swift in Sources */,
			);
			runOnlyForDeploymentPostprocessing = 0;
		};
/* End PBXSourcesBuildPhase section */

/* Begin XCBuildConfiguration section */
		4689FE4B2C8F240D00ED1B55 /* Debug */ = {
			isa = XCBuildConfiguration;
			buildSettings = {
				ALWAYS_SEARCH_USER_PATHS = NO;
				ASSETCATALOG_COMPILER_GENERATE_SWIFT_ASSET_SYMBOL_EXTENSIONS = YES;
				CLANG_ANALYZER_NONNULL = YES;
				CLANG_ANALYZER_NUMBER_OBJECT_CONVERSION = YES_AGGRESSIVE;
				CLANG_CXX_LANGUAGE_STANDARD = "gnu++20";
				CLANG_ENABLE_MODULES = YES;
				CLANG_ENABLE_OBJC_ARC = YES;
				CLANG_ENABLE_OBJC_WEAK = YES;
				CLANG_WARN_BLOCK_CAPTURE_AUTORELEASING = YES;
				CLANG_WARN_BOOL_CONVERSION = YES;
				CLANG_WARN_COMMA = YES;
				CLANG_WARN_CONSTANT_CONVERSION = YES;
				CLANG_WARN_DEPRECATED_OBJC_IMPLEMENTATIONS = YES;
				CLANG_WARN_DIRECT_OBJC_ISA_USAGE = YES_ERROR;
				CLANG_WARN_DOCUMENTATION_COMMENTS = YES;
				CLANG_WARN_EMPTY_BODY = YES;
				CLANG_WARN_ENUM_CONVERSION = YES;
				CLANG_WARN_INFINITE_RECURSION = YES;
				CLANG_WARN_INT_CONVERSION = YES;
				CLANG_WARN_NON_LITERAL_NULL_CONVERSION = YES;
				CLANG_WARN_OBJC_IMPLICIT_RETAIN_SELF = YES;
				CLANG_WARN_OBJC_LITERAL_CONVERSION = YES;
				CLANG_WARN_OBJC_ROOT_CLASS = YES_ERROR;
				CLANG_WARN_QUOTED_INCLUDE_IN_FRAMEWORK_HEADER = YES;
				CLANG_WARN_RANGE_LOOP_ANALYSIS = YES;
				CLANG_WARN_STRICT_PROTOTYPES = YES;
				CLANG_WARN_SUSPICIOUS_MOVE = YES;
				CLANG_WARN_UNGUARDED_AVAILABILITY = YES_AGGRESSIVE;
				CLANG_WARN_UNREACHABLE_CODE = YES;
				CLANG_WARN__DUPLICATE_METHOD_MATCH = YES;
				COPY_PHASE_STRIP = NO;
				DEBUG_INFORMATION_FORMAT = dwarf;
				ENABLE_STRICT_OBJC_MSGSEND = YES;
				ENABLE_TESTABILITY = YES;
				ENABLE_USER_SCRIPT_SANDBOXING = YES;
				GCC_C_LANGUAGE_STANDARD = gnu17;
				GCC_DYNAMIC_NO_PIC = NO;
				GCC_NO_COMMON_BLOCKS = YES;
				GCC_OPTIMIZATION_LEVEL = 0;
				GCC_PREPROCESSOR_DEFINITIONS = (
					"DEBUG=1",
					"$(inherited)",
				);
				GCC_WARN_64_TO_32_BIT_CONVERSION = YES;
				GCC_WARN_ABOUT_RETURN_TYPE = YES_ERROR;
				GCC_WARN_UNDECLARED_SELECTOR = YES;
				GCC_WARN_UNINITIALIZED_AUTOS = YES_AGGRESSIVE;
				GCC_WARN_UNUSED_FUNCTION = YES;
				GCC_WARN_UNUSED_VARIABLE = YES;
				IPHONEOS_DEPLOYMENT_TARGET = 17.5;
				LOCALIZATION_PREFERS_STRING_CATALOGS = YES;
				MTL_ENABLE_DEBUG_INFO = INCLUDE_SOURCE;
				MTL_FAST_MATH = YES;
				ONLY_ACTIVE_ARCH = YES;
				SDKROOT = iphoneos;
				SWIFT_ACTIVE_COMPILATION_CONDITIONS = "DEBUG $(inherited)";
				SWIFT_OPTIMIZATION_LEVEL = "-Onone";
			};
			name = Debug;
		};
		4689FE4C2C8F240D00ED1B55 /* Release */ = {
			isa = XCBuildConfiguration;
			buildSettings = {
				ALWAYS_SEARCH_USER_PATHS = NO;
				ASSETCATALOG_COMPILER_GENERATE_SWIFT_ASSET_SYMBOL_EXTENSIONS = YES;
				CLANG_ANALYZER_NONNULL = YES;
				CLANG_ANALYZER_NUMBER_OBJECT_CONVERSION = YES_AGGRESSIVE;
				CLANG_CXX_LANGUAGE_STANDARD = "gnu++20";
				CLANG_ENABLE_MODULES = YES;
				CLANG_ENABLE_OBJC_ARC = YES;
				CLANG_ENABLE_OBJC_WEAK = YES;
				CLANG_WARN_BLOCK_CAPTURE_AUTORELEASING = YES;
				CLANG_WARN_BOOL_CONVERSION = YES;
				CLANG_WARN_COMMA = YES;
				CLANG_WARN_CONSTANT_CONVERSION = YES;
				CLANG_WARN_DEPRECATED_OBJC_IMPLEMENTATIONS = YES;
				CLANG_WARN_DIRECT_OBJC_ISA_USAGE = YES_ERROR;
				CLANG_WARN_DOCUMENTATION_COMMENTS = YES;
				CLANG_WARN_EMPTY_BODY = YES;
				CLANG_WARN_ENUM_CONVERSION = YES;
				CLANG_WARN_INFINITE_RECURSION = YES;
				CLANG_WARN_INT_CONVERSION = YES;
				CLANG_WARN_NON_LITERAL_NULL_CONVERSION = YES;
				CLANG_WARN_OBJC_IMPLICIT_RETAIN_SELF = YES;
				CLANG_WARN_OBJC_LITERAL_CONVERSION = YES;
				CLANG_WARN_OBJC_ROOT_CLASS = YES_ERROR;
				CLANG_WARN_QUOTED_INCLUDE_IN_FRAMEWORK_HEADER = YES;
				CLANG_WARN_RANGE_LOOP_ANALYSIS = YES;
				CLANG_WARN_STRICT_PROTOTYPES = YES;
				CLANG_WARN_SUSPICIOUS_MOVE = YES;
				CLANG_WARN_UNGUARDED_AVAILABILITY = YES_AGGRESSIVE;
				CLANG_WARN_UNREACHABLE_CODE = YES;
				CLANG_WARN__DUPLICATE_METHOD_MATCH = YES;
				COPY_PHASE_STRIP = NO;
				DEBUG_INFORMATION_FORMAT = "dwarf-with-dsym";
				ENABLE_NS_ASSERTIONS = NO;
				ENABLE_STRICT_OBJC_MSGSEND = YES;
				ENABLE_USER_SCRIPT_SANDBOXING = YES;
				GCC_C_LANGUAGE_STANDARD = gnu17;
				GCC_NO_COMMON_BLOCKS = YES;
				GCC_WARN_64_TO_32_BIT_CONVERSION = YES;
				GCC_WARN_ABOUT_RETURN_TYPE = YES_ERROR;
				GCC_WARN_UNDECLARED_SELECTOR = YES;
				GCC_WARN_UNINITIALIZED_AUTOS = YES_AGGRESSIVE;
				GCC_WARN_UNUSED_FUNCTION = YES;
				GCC_WARN_UNUSED_VARIABLE = YES;
				IPHONEOS_DEPLOYMENT_TARGET = 17.5;
				LOCALIZATION_PREFERS_STRING_CATALOGS = YES;
				MTL_ENABLE_DEBUG_INFO = NO;
				MTL_FAST_MATH = YES;
				SDKROOT = iphoneos;
				SWIFT_COMPILATION_MODE = wholemodule;
				VALIDATE_PRODUCT = YES;
			};
			name = Release;
		};
		4689FE4E2C8F240D00ED1B55 /* Debug */ = {
			isa = XCBuildConfiguration;
			buildSettings = {
				ASSETCATALOG_COMPILER_APPICON_NAME = AppIcon;
				ASSETCATALOG_COMPILER_GLOBAL_ACCENT_COLOR_NAME = AccentColor;
				CODE_SIGN_STYLE = Automatic;
				CURRENT_PROJECT_VERSION = 1;
				DEVELOPMENT_ASSET_PATHS = "\"DailyRound/Preview Content\"";
				DEVELOPMENT_TEAM = 4FU3RXR748;
				ENABLE_PREVIEWS = YES;
				GENERATE_INFOPLIST_FILE = YES;
				INFOPLIST_KEY_UIApplicationSceneManifest_Generation = YES;
				INFOPLIST_KEY_UIApplicationSupportsIndirectInputEvents = YES;
				INFOPLIST_KEY_UILaunchScreen_Generation = YES;
				INFOPLIST_KEY_UISupportedInterfaceOrientations_iPad = "UIInterfaceOrientationPortrait UIInterfaceOrientationPortraitUpsideDown UIInterfaceOrientationLandscapeLeft UIInterfaceOrientationLandscapeRight";
				INFOPLIST_KEY_UISupportedInterfaceOrientations_iPhone = "UIInterfaceOrientationPortrait UIInterfaceOrientationLandscapeLeft UIInterfaceOrientationLandscapeRight";
				LD_RUNPATH_SEARCH_PATHS = (
					"$(inherited)",
					"@executable_path/Frameworks",
				);
				MARKETING_VERSION = 1.0;
				PRODUCT_BUNDLE_IDENTIFIER = freelance.DailyRound;
				PRODUCT_NAME = "$(TARGET_NAME)";
				SWIFT_EMIT_LOC_STRINGS = YES;
				SWIFT_VERSION = 5.0;
				TARGETED_DEVICE_FAMILY = "1,2";
			};
			name = Debug;
		};
		4689FE4F2C8F240D00ED1B55 /* Release */ = {
			isa = XCBuildConfiguration;
			buildSettings = {
				ASSETCATALOG_COMPILER_APPICON_NAME = AppIcon;
				ASSETCATALOG_COMPILER_GLOBAL_ACCENT_COLOR_NAME = AccentColor;
				CODE_SIGN_STYLE = Automatic;
				CURRENT_PROJECT_VERSION = 1;
				DEVELOPMENT_ASSET_PATHS = "\"DailyRound/Preview Content\"";
				DEVELOPMENT_TEAM = 4FU3RXR748;
				ENABLE_PREVIEWS = YES;
				GENERATE_INFOPLIST_FILE = YES;
				INFOPLIST_KEY_UIApplicationSceneManifest_Generation = YES;
				INFOPLIST_KEY_UIApplicationSupportsIndirectInputEvents = YES;
				INFOPLIST_KEY_UILaunchScreen_Generation = YES;
				INFOPLIST_KEY_UISupportedInterfaceOrientations_iPad = "UIInterfaceOrientationPortrait UIInterfaceOrientationPortraitUpsideDown UIInterfaceOrientationLandscapeLeft UIInterfaceOrientationLandscapeRight";
				INFOPLIST_KEY_UISupportedInterfaceOrientations_iPhone = "UIInterfaceOrientationPortrait UIInterfaceOrientationLandscapeLeft UIInterfaceOrientationLandscapeRight";
				LD_RUNPATH_SEARCH_PATHS = (
					"$(inherited)",
					"@executable_path/Frameworks",
				);
				MARKETING_VERSION = 1.0;
				PRODUCT_BUNDLE_IDENTIFIER = freelance.DailyRound;
				PRODUCT_NAME = "$(TARGET_NAME)";
				SWIFT_EMIT_LOC_STRINGS = YES;
				SWIFT_VERSION = 5.0;
				TARGETED_DEVICE_FAMILY = "1,2";
			};
			name = Release;
		};
/* End XCBuildConfiguration section */

/* Begin XCConfigurationList section */
		4689FE3A2C8F240C00ED1B55 /* Build configuration list for PBXProject "DailyRound" */ = {
			isa = XCConfigurationList;
			buildConfigurations = (
				4689FE4B2C8F240D00ED1B55 /* Debug */,
				4689FE4C2C8F240D00ED1B55 /* Release */,
			);
			defaultConfigurationIsVisible = 0;
			defaultConfigurationName = Release;
		};
		4689FE4D2C8F240D00ED1B55 /* Build configuration list for PBXNativeTarget "DailyRound" */ = {
			isa = XCConfigurationList;
			buildConfigurations = (
				4689FE4E2C8F240D00ED1B55 /* Debug */,
				4689FE4F2C8F240D00ED1B55 /* Release */,
			);
			defaultConfigurationIsVisible = 0;
			defaultConfigurationName = Release;
		};
/* End XCConfigurationList section */
	};
	rootObject = 4689FE372C8F240C00ED1B55 /* Project object */;
}
